Microsoft Visual Studio Solution File, Format Version 11.00
# Visual Studio 2008

Project("{D7F0B076-FD0B-2D04-0BAD-25F22A1ED7AE}") = "GAM245-game", "Assembly-CSharp.csproj", "{281774F9-EEF1-5432-0F65-0E35373BB339}"
EndProject
Global
	GlobalSection(SolutionConfigurationPlatforms) = preSolution
		Debug|Any CPU = Debug|Any CPU
		Release|Any CPU = Release|Any CPU
	EndGlobalSection
	GlobalSection(ProjectConfigurationPlatforms) = postSolution
		{281774F9-EEF1-5432-0F65-0E35373BB339}.Debug|Any CPU.ActiveCfg = Debug|Any CPU
		{281774F9-EEF1-5432-0F65-0E35373BB339}.Debug|Any CPU.Build.0 = Debug|Any CPU
		{281774F9-EEF1-5432-0F65-0E35373BB339}.Release|Any CPU.ActiveCfg = Release|Any CPU
		{281774F9-EEF1-5432-0F65-0E35373BB339}.Release|Any CPU.Build.0 = Release|Any CPU
	EndGlobalSection
	GlobalSection(SolutionProperties) = preSolution
		HideSolutionNode = FALSE
	EndGlobalSection
	GlobalSection(MonoDevelopProperties) = preSolution
		StartupItem = Assembly-CSharp.csproj
	EndGlobalSection
EndGlobal
